
Microsoft Visual Studio Solution File, Format Version 12.00
# Visual Studio Version 17
VisualStudioVersion = 17.11.35327.3
MinimumVisualStudioVersion = 10.0.40219.1
Project("{9A19103F-16F7-4668-BE54-9A1E7A4F7556}") = "HAN.ASD.ADP", "HAN.ASD.ADP\HAN.ASD.ADP.csproj", "{5CF40276-1489-4439-BC0C-01ABF17B36E2}"
EndProject
Project("{FAE04EC0-301F-11D3-BF4B-00C04F79EFBC}") = "HAN.ASD.ADP.Helpers", "HAN.ASD.ADP.Helpers\HAN.ASD.ADP.Helpers.csproj", "{16734668-E53A-4549-9031-21EB563C6D07}"
EndProject
Global
	GlobalSection(SolutionConfigurationPlatforms) = preSolution
		Debug|Any CPU = Debug|Any CPU
		Release|Any CPU = Release|Any CPU
	EndGlobalSection
	GlobalSection(ProjectConfigurationPlatforms) = postSolution
		{5CF40276-1489-4439-BC0C-01ABF17B36E2}.Debug|Any CPU.ActiveCfg = Debug|Any CPU
		{5CF40276-1489-4439-BC0C-01ABF17B36E2}.Debug|Any CPU.Build.0 = Debug|Any CPU
		{5CF40276-1489-4439-BC0C-01ABF17B36E2}.Release|Any CPU.ActiveCfg = Release|Any CPU
		{5CF40276-1489-4439-BC0C-01ABF17B36E2}.Release|Any CPU.Build.0 = Release|Any CPU
		{16734668-E53A-4549-9031-21EB563C6D07}.Debug|Any CPU.ActiveCfg = Debug|Any CPU
		{16734668-E53A-4549-9031-21EB563C6D07}.Debug|Any CPU.Build.0 = Debug|Any CPU
		{16734668-E53A-4549-9031-21EB563C6D07}.Release|Any CPU.ActiveCfg = Release|Any CPU
		{16734668-E53A-4549-9031-21EB563C6D07}.Release|Any CPU.Build.0 = Release|Any CPU
	EndGlobalSection
	GlobalSection(SolutionProperties) = preSolution
		HideSolutionNode = FALSE
	EndGlobalSection
	GlobalSection(ExtensibilityGlobals) = postSolution
		SolutionGuid = {2CC87349-9D1B-4444-B91A-274FC843FCFF}
	EndGlobalSection
EndGlobal
